<Solution>
  <Folder Name="/examples/">
    <Project Path="examples/DancingGoat/DancingGoat.csproj" />
  </Folder>
  <Folder Name="/src/">
    <Project Path="src/XperienceCommunity.AccessibilityChecker/XperienceCommunity.AccessibilityChecker.csproj" />
  </Folder>
  <Folder Name="/tests/">
    <Project Path="tests/XperienceCommunity.AccessibilityChecker.Tests/XperienceCommunity.AccessibilityChecker.Tests.csproj" />
  </Folder>
</Solution>
